
Microsoft Visual Studio Solution File, Format Version 12.00
# Visual Studio Version 17
VisualStudioVersion = 17.13.35931.197
MinimumVisualStudioVersion = 10.0.40219.1
Project("{FAE04EC0-301F-11D3-BF4B-00C04F79EFBC}") = "PersonalFinance", "PersonalFinance\PersonalFinance.csproj", "{FB3745E4-BEF3-57AB-2CB3-E8EE943155BB}"
EndProject
Project("{FAE04EC0-301F-11D3-BF4B-00C04F79EFBC}") = "PersonalFinance.Data", "PersonalFinance.Data\PersonalFinance.Data.csproj", "{64CF2295-FA74-899E-83A1-4476B6484575}"
EndProject
Global
	GlobalSection(SolutionConfigurationPlatforms) = preSolution
		Debug|Any CPU = Debug|Any CPU
		Release|Any CPU = Release|Any CPU
	EndGlobalSection
	GlobalSection(ProjectConfigurationPlatforms) = postSolution
		{FB3745E4-BEF3-57AB-2CB3-E8EE943155BB}.Debug|Any CPU.ActiveCfg = Debug|Any CPU
		{FB3745E4-BEF3-57AB-2CB3-E8EE943155BB}.Debug|Any CPU.Build.0 = Debug|Any CPU
		{FB3745E4-BEF3-57AB-2CB3-E8EE943155BB}.Release|Any CPU.ActiveCfg = Release|Any CPU
		{FB3745E4-BEF3-57AB-2CB3-E8EE943155BB}.Release|Any CPU.Build.0 = Release|Any CPU
		{64CF2295-FA74-899E-83A1-4476B6484575}.Debug|Any CPU.ActiveCfg = Debug|Any CPU
		{64CF2295-FA74-899E-83A1-4476B6484575}.Debug|Any CPU.Build.0 = Debug|Any CPU
		{64CF2295-FA74-899E-83A1-4476B6484575}.Release|Any CPU.ActiveCfg = Release|Any CPU
		{64CF2295-FA74-899E-83A1-4476B6484575}.Release|Any CPU.Build.0 = Release|Any CPU
	EndGlobalSection
	GlobalSection(SolutionProperties) = preSolution
		HideSolutionNode = FALSE
	EndGlobalSection
	GlobalSection(ExtensibilityGlobals) = postSolution
		SolutionGuid = {F60E9423-210C-41DC-958E-C6E981EBF6C8}
	EndGlobalSection
EndGlobal
