
Microsoft Visual Studio Solution File, Format Version 12.00
# Visual Studio Version 17
VisualStudioVersion = 17.13.35931.197 d17.13
MinimumVisualStudioVersion = 10.0.40219.1
Project("{FAE04EC0-301F-11D3-BF4B-00C04F79EFBC}") = "PersonalFinance", "PersonalFinance.csproj", "{1D6A53DD-6E51-47EE-92CD-A31EB6CF0906}"
EndProject
Project("{FAE04EC0-301F-11D3-BF4B-00C04F79EFBC}") = "PersonalFinance.Data", "..\PersonalFinance.Data\PersonalFinance.Data.csproj", "{C6E16196-8FDE-4D34-A323-948B35B0C3FF}"
EndProject
Global
	GlobalSection(SolutionConfigurationPlatforms) = preSolution
		Debug|Any CPU = Debug|Any CPU
		Release|Any CPU = Release|Any CPU
	EndGlobalSection
	GlobalSection(ProjectConfigurationPlatforms) = postSolution
		{1D6A53DD-6E51-47EE-92CD-A31EB6CF0906}.Debug|Any CPU.ActiveCfg = Debug|Any CPU
		{1D6A53DD-6E51-47EE-92CD-A31EB6CF0906}.Debug|Any CPU.Build.0 = Debug|Any CPU
		{1D6A53DD-6E51-47EE-92CD-A31EB6CF0906}.Release|Any CPU.ActiveCfg = Release|Any CPU
		{1D6A53DD-6E51-47EE-92CD-A31EB6CF0906}.Release|Any CPU.Build.0 = Release|Any CPU
		{C6E16196-8FDE-4D34-A323-948B35B0C3FF}.Debug|Any CPU.ActiveCfg = Debug|Any CPU
		{C6E16196-8FDE-4D34-A323-948B35B0C3FF}.Debug|Any CPU.Build.0 = Debug|Any CPU
		{C6E16196-8FDE-4D34-A323-948B35B0C3FF}.Release|Any CPU.ActiveCfg = Release|Any CPU
		{C6E16196-8FDE-4D34-A323-948B35B0C3FF}.Release|Any CPU.Build.0 = Release|Any CPU
	EndGlobalSection
	GlobalSection(SolutionProperties) = preSolution
		HideSolutionNode = FALSE
	EndGlobalSection
	GlobalSection(ExtensibilityGlobals) = postSolution
		SolutionGuid = {F60E9423-210C-41DC-958E-C6E981EBF6C8}
	EndGlobalSection
EndGlobal
